
Microsoft Visual Studio Solution File, Format Version 12.00
# Visual Studio Version 16
VisualStudioVersion = 16.0.30330.147
MinimumVisualStudioVersion = 10.0.40219.1
Project("{8BC9CEB8-8B4A-11D0-8D11-00A0C91BC942}") = "Dinic算法（最大流）", "Dinic算法（最大流）\Dinic算法（最大流）.vcxproj", "{96F603BE-4406-4EB7-84EA-6D249F2C11E5}"
EndProject
Global
	GlobalSection(SolutionConfigurationPlatforms) = preSolution
		Debug|x64 = Debug|x64
		Debug|x86 = Debug|x86
		Release|x64 = Release|x64
		Release|x86 = Release|x86
	EndGlobalSection
	GlobalSection(ProjectConfigurationPlatforms) = postSolution
		{96F603BE-4406-4EB7-84EA-6D249F2C11E5}.Debug|x64.ActiveCfg = Debug|x64
		{96F603BE-4406-4EB7-84EA-6D249F2C11E5}.Debug|x64.Build.0 = Debug|x64
		{96F603BE-4406-4EB7-84EA-6D249F2C11E5}.Debug|x86.ActiveCfg = Debug|Win32
		{96F603BE-4406-4EB7-84EA-6D249F2C11E5}.Debug|x86.Build.0 = Debug|Win32
		{96F603BE-4406-4EB7-84EA-6D249F2C11E5}.Release|x64.ActiveCfg = Release|x64
		{96F603BE-4406-4EB7-84EA-6D249F2C11E5}.Release|x64.Build.0 = Release|x64
		{96F603BE-4406-4EB7-84EA-6D249F2C11E5}.Release|x86.ActiveCfg = Release|Win32
		{96F603BE-4406-4EB7-84EA-6D249F2C11E5}.Release|x86.Build.0 = Release|Win32
	EndGlobalSection
	GlobalSection(SolutionProperties) = preSolution
		HideSolutionNode = FALSE
	EndGlobalSection
	GlobalSection(ExtensibilityGlobals) = postSolution
		SolutionGuid = {A1137C93-7AD5-4F7C-8146-3E0588913468}
	EndGlobalSection
EndGlobal
